
Microsoft Visual Studio Solution File, Format Version 12.00
# Visual Studio 2013
VisualStudioVersion = 12.0.21005.1
MinimumVisualStudioVersion = 10.0.40219.1
Project("{FAE04EC0-301F-11D3-BF4B-00C04F79EFBC}") = "MyKTVClient", "MyKTVClient\MyKTVClient.csproj", "{0AF6D9F4-7102-4002-9E08-A7B896CAC472}"
EndProject
Project("{FAE04EC0-301F-11D3-BF4B-00C04F79EFBC}") = "MyKTVClientBLL", "MyKTVClientBLL\MyKTVClientBLL.csproj", "{28D3A5F2-D276-4B7C-8C41-B2DCDBDFB308}"
EndProject
Project("{FAE04EC0-301F-11D3-BF4B-00C04F79EFBC}") = "MyKTVClientDAL", "MyKTVClientDAL\MyKTVClientDAL.csproj", "{E55C8EE1-9035-4475-AF92-C32CFD5699D4}"
EndProject
Project("{FAE04EC0-301F-11D3-BF4B-00C04F79EFBC}") = "MyKTVClientModel", "MyKTVClientModel\MyKTVClientModel.csproj", "{1391EE3C-21C7-47D9-BBA3-C3082E7DD3E7}"
EndProject
Global
	GlobalSection(SolutionConfigurationPlatforms) = preSolution
		Debug|Any CPU = Debug|Any CPU
		Release|Any CPU = Release|Any CPU
	EndGlobalSection
	GlobalSection(ProjectConfigurationPlatforms) = postSolution
		{0AF6D9F4-7102-4002-9E08-A7B896CAC472}.Debug|Any CPU.ActiveCfg = Debug|Any CPU
		{0AF6D9F4-7102-4002-9E08-A7B896CAC472}.Debug|Any CPU.Build.0 = Debug|Any CPU
		{0AF6D9F4-7102-4002-9E08-A7B896CAC472}.Release|Any CPU.ActiveCfg = Release|Any CPU
		{0AF6D9F4-7102-4002-9E08-A7B896CAC472}.Release|Any CPU.Build.0 = Release|Any CPU
		{28D3A5F2-D276-4B7C-8C41-B2DCDBDFB308}.Debug|Any CPU.ActiveCfg = Debug|Any CPU
		{28D3A5F2-D276-4B7C-8C41-B2DCDBDFB308}.Debug|Any CPU.Build.0 = Debug|Any CPU
		{28D3A5F2-D276-4B7C-8C41-B2DCDBDFB308}.Release|Any CPU.ActiveCfg = Release|Any CPU
		{28D3A5F2-D276-4B7C-8C41-B2DCDBDFB308}.Release|Any CPU.Build.0 = Release|Any CPU
		{E55C8EE1-9035-4475-AF92-C32CFD5699D4}.Debug|Any CPU.ActiveCfg = Debug|Any CPU
		{E55C8EE1-9035-4475-AF92-C32CFD5699D4}.Debug|Any CPU.Build.0 = Debug|Any CPU
		{E55C8EE1-9035-4475-AF92-C32CFD5699D4}.Release|Any CPU.ActiveCfg = Release|Any CPU
		{E55C8EE1-9035-4475-AF92-C32CFD5699D4}.Release|Any CPU.Build.0 = Release|Any CPU
		{1391EE3C-21C7-47D9-BBA3-C3082E7DD3E7}.Debug|Any CPU.ActiveCfg = Debug|Any CPU
		{1391EE3C-21C7-47D9-BBA3-C3082E7DD3E7}.Debug|Any CPU.Build.0 = Debug|Any CPU
		{1391EE3C-21C7-47D9-BBA3-C3082E7DD3E7}.Release|Any CPU.ActiveCfg = Release|Any CPU
		{1391EE3C-21C7-47D9-BBA3-C3082E7DD3E7}.Release|Any CPU.Build.0 = Release|Any CPU
	EndGlobalSection
	GlobalSection(SolutionProperties) = preSolution
		HideSolutionNode = FALSE
	EndGlobalSection
EndGlobal
